
Microsoft Visual Studio Solution File, Format Version 12.00
# Visual Studio 14
VisualStudioVersion = 14.0.24720.0
MinimumVisualStudioVersion = 10.0.40219.1
Project("{FAE04EC0-301F-11D3-BF4B-00C04F79EFBC}") = "webapi.request", "webapi.request\webapi.request.csproj", "{BC94EB34-A2FE-4D77-BBFE-9AF16FF96DBA}"
EndProject
Project("{FAE04EC0-301F-11D3-BF4B-00C04F79EFBC}") = "common.model", "common.model\common.model.csproj", "{3C5D4A17-E0B6-464F-898E-17CBEE6220B9}"
EndProject
Project("{FAE04EC0-301F-11D3-BF4B-00C04F79EFBC}") = "xamarin.customer.Droid", "xamarin.customer\xamarin.customer.Droid\xamarin.customer.Droid.csproj", "{29643ADD-70A2-42E9-B3EB-A7CB178ACDBC}"
EndProject
Project("{FAE04EC0-301F-11D3-BF4B-00C04F79EFBC}") = "xamarin.customer.iOS", "xamarin.customer\xamarin.customer.iOS\xamarin.customer.iOS.csproj", "{F592F4EF-10B8-4FBB-A9EB-43AA64EE2D03}"
EndProject
Project("{FAE04EC0-301F-11D3-BF4B-00C04F79EFBC}") = "xamarin.customer.WinPhone", "xamarin.customer\xamarin.customer.WinPhone\xamarin.customer.WinPhone.csproj", "{C8FC3049-A3D5-4DAB-9F0E-CACF0E94FED8}"
EndProject
Project("{D954291E-2A0B-460D-934E-DC6B0785DB48}") = "xamarin.customer", "xamarin.customer\xamarin.customer\xamarin.customer.shproj", "{52F36732-517F-4D92-9588-8C48629D212C}"
EndProject
Global
	GlobalSection(SharedMSBuildProjectFiles) = preSolution
		xamarin.customer\xamarin.customer\xamarin.customer.projitems*{52f36732-517f-4d92-9588-8c48629d212c}*SharedItemsImports = 13
	EndGlobalSection
	GlobalSection(SolutionConfigurationPlatforms) = preSolution
		AppStore|Any CPU = AppStore|Any CPU
		AppStore|ARM = AppStore|ARM
		AppStore|iPhone = AppStore|iPhone
		AppStore|iPhoneSimulator = AppStore|iPhoneSimulator
		AppStore|x86 = AppStore|x86
		Debug|Any CPU = Debug|Any CPU
		Debug|ARM = Debug|ARM
		Debug|iPhone = Debug|iPhone
		Debug|iPhoneSimulator = Debug|iPhoneSimulator
		Debug|x86 = Debug|x86
		Release|Any CPU = Release|Any CPU
		Release|ARM = Release|ARM
		Release|iPhone = Release|iPhone
		Release|iPhoneSimulator = Release|iPhoneSimulator
		Release|x86 = Release|x86
	EndGlobalSection
	GlobalSection(ProjectConfigurationPlatforms) = postSolution
		{BC94EB34-A2FE-4D77-BBFE-9AF16FF96DBA}.AppStore|Any CPU.ActiveCfg = Release|Any CPU
		{BC94EB34-A2FE-4D77-BBFE-9AF16FF96DBA}.AppStore|Any CPU.Build.0 = Release|Any CPU
		{BC94EB34-A2FE-4D77-BBFE-9AF16FF96DBA}.AppStore|ARM.ActiveCfg = Release|Any CPU
		{BC94EB34-A2FE-4D77-BBFE-9AF16FF96DBA}.AppStore|ARM.Build.0 = Release|Any CPU
		{BC94EB34-A2FE-4D77-BBFE-9AF16FF96DBA}.AppStore|iPhone.ActiveCfg = Release|Any CPU
		{BC94EB34-A2FE-4D77-BBFE-9AF16FF96DBA}.AppStore|iPhone.Build.0 = Release|Any CPU
		{BC94EB34-A2FE-4D77-BBFE-9AF16FF96DBA}.AppStore|iPhoneSimulator.ActiveCfg = Release|Any CPU
		{BC94EB34-A2FE-4D77-BBFE-9AF16FF96DBA}.AppStore|iPhoneSimulator.Build.0 = Release|Any CPU
		{BC94EB34-A2FE-4D77-BBFE-9AF16FF96DBA}.AppStore|x86.ActiveCfg = Release|Any CPU
		{BC94EB34-A2FE-4D77-BBFE-9AF16FF96DBA}.AppStore|x86.Build.0 = Release|Any CPU
		{BC94EB34-A2FE-4D77-BBFE-9AF16FF96DBA}.Debug|Any CPU.ActiveCfg = Debug|Any CPU
		{BC94EB34-A2FE-4D77-BBFE-9AF16FF96DBA}.Debug|Any CPU.Build.0 = Debug|Any CPU
		{BC94EB34-A2FE-4D77-BBFE-9AF16FF96DBA}.Debug|ARM.ActiveCfg = Debug|Any CPU
		{BC94EB34-A2FE-4D77-BBFE-9AF16FF96DBA}.Debug|ARM.Build.0 = Debug|Any CPU
		{BC94EB34-A2FE-4D77-BBFE-9AF16FF96DBA}.Debug|iPhone.ActiveCfg = Debug|Any CPU
		{BC94EB34-A2FE-4D77-BBFE-9AF16FF96DBA}.Debug|iPhone.Build.0 = Debug|Any CPU
		{BC94EB34-A2FE-4D77-BBFE-9AF16FF96DBA}.Debug|iPhoneSimulator.ActiveCfg = Debug|Any CPU
		{BC94EB34-A2FE-4D77-BBFE-9AF16FF96DBA}.Debug|iPhoneSimulator.Build.0 = Debug|Any CPU
		{BC94EB34-A2FE-4D77-BBFE-9AF16FF96DBA}.Debug|x86.ActiveCfg = Debug|Any CPU
		{BC94EB34-A2FE-4D77-BBFE-9AF16FF96DBA}.Debug|x86.Build.0 = Debug|Any CPU
		{BC94EB34-A2FE-4D77-BBFE-9AF16FF96DBA}.Release|Any CPU.ActiveCfg = Release|Any CPU
		{BC94EB34-A2FE-4D77-BBFE-9AF16FF96DBA}.Release|Any CPU.Build.0 = Release|Any CPU
		{BC94EB34-A2FE-4D77-BBFE-9AF16FF96DBA}.Release|ARM.ActiveCfg = Release|Any CPU
		{BC94EB34-A2FE-4D77-BBFE-9AF16FF96DBA}.Release|ARM.Build.0 = Release|Any CPU
		{BC94EB34-A2FE-4D77-BBFE-9AF16FF96DBA}.Release|iPhone.ActiveCfg = Release|Any CPU
		{BC94EB34-A2FE-4D77-BBFE-9AF16FF96DBA}.Release|iPhone.Build.0 = Release|Any CPU
		{BC94EB34-A2FE-4D77-BBFE-9AF16FF96DBA}.Release|iPhoneSimulator.ActiveCfg = Release|Any CPU
		{BC94EB34-A2FE-4D77-BBFE-9AF16FF96DBA}.Release|iPhoneSimulator.Build.0 = Release|Any CPU
		{BC94EB34-A2FE-4D77-BBFE-9AF16FF96DBA}.Release|x86.ActiveCfg = Release|Any CPU
		{BC94EB34-A2FE-4D77-BBFE-9AF16FF96DBA}.Release|x86.Build.0 = Release|Any CPU
		{3C5D4A17-E0B6-464F-898E-17CBEE6220B9}.AppStore|Any CPU.ActiveCfg = Release|Any CPU
		{3C5D4A17-E0B6-464F-898E-17CBEE6220B9}.AppStore|Any CPU.Build.0 = Release|Any CPU
		{3C5D4A17-E0B6-464F-898E-17CBEE6220B9}.AppStore|ARM.ActiveCfg = Release|Any CPU
		{3C5D4A17-E0B6-464F-898E-17CBEE6220B9}.AppStore|ARM.Build.0 = Release|Any CPU
		{3C5D4A17-E0B6-464F-898E-17CBEE6220B9}.AppStore|iPhone.ActiveCfg = Release|Any CPU
		{3C5D4A17-E0B6-464F-898E-17CBEE6220B9}.AppStore|iPhone.Build.0 = Release|Any CPU
		{3C5D4A17-E0B6-464F-898E-17CBEE6220B9}.AppStore|iPhoneSimulator.ActiveCfg = Release|Any CPU
		{3C5D4A17-E0B6-464F-898E-17CBEE6220B9}.AppStore|iPhoneSimulator.Build.0 = Release|Any CPU
		{3C5D4A17-E0B6-464F-898E-17CBEE6220B9}.AppStore|x86.ActiveCfg = Release|Any CPU
		{3C5D4A17-E0B6-464F-898E-17CBEE6220B9}.AppStore|x86.Build.0 = Release|Any CPU
		{3C5D4A17-E0B6-464F-898E-17CBEE6220B9}.Debug|Any CPU.ActiveCfg = Debug|Any CPU
		{3C5D4A17-E0B6-464F-898E-17CBEE6220B9}.Debug|Any CPU.Build.0 = Debug|Any CPU
		{3C5D4A17-E0B6-464F-898E-17CBEE6220B9}.Debug|ARM.ActiveCfg = Debug|Any CPU
		{3C5D4A17-E0B6-464F-898E-17CBEE6220B9}.Debug|ARM.Build.0 = Debug|Any CPU
		{3C5D4A17-E0B6-464F-898E-17CBEE6220B9}.Debug|iPhone.ActiveCfg = Debug|Any CPU
		{3C5D4A17-E0B6-464F-898E-17CBEE6220B9}.Debug|iPhone.Build.0 = Debug|Any CPU
		{3C5D4A17-E0B6-464F-898E-17CBEE6220B9}.Debug|iPhoneSimulator.ActiveCfg = Debug|Any CPU
		{3C5D4A17-E0B6-464F-898E-17CBEE6220B9}.Debug|iPhoneSimulator.Build.0 = Debug|Any CPU
		{3C5D4A17-E0B6-464F-898E-17CBEE6220B9}.Debug|x86.ActiveCfg = Debug|Any CPU
		{3C5D4A17-E0B6-464F-898E-17CBEE6220B9}.Debug|x86.Build.0 = Debug|Any CPU
		{3C5D4A17-E0B6-464F-898E-17CBEE6220B9}.Release|Any CPU.ActiveCfg = Release|Any CPU
		{3C5D4A17-E0B6-464F-898E-17CBEE6220B9}.Release|Any CPU.Build.0 = Release|Any CPU
		{3C5D4A17-E0B6-464F-898E-17CBEE6220B9}.Release|ARM.ActiveCfg = Release|Any CPU
		{3C5D4A17-E0B6-464F-898E-17CBEE6220B9}.Release|ARM.Build.0 = Release|Any CPU
		{3C5D4A17-E0B6-464F-898E-17CBEE6220B9}.Release|iPhone.ActiveCfg = Release|Any CPU
		{3C5D4A17-E0B6-464F-898E-17CBEE6220B9}.Release|iPhone.Build.0 = Release|Any CPU
		{3C5D4A17-E0B6-464F-898E-17CBEE6220B9}.Release|iPhoneSimulator.ActiveCfg = Release|Any CPU
		{3C5D4A17-E0B6-464F-898E-17CBEE6220B9}.Release|iPhoneSimulator.Build.0 = Release|Any CPU
		{3C5D4A17-E0B6-464F-898E-17CBEE6220B9}.Release|x86.ActiveCfg = Release|Any CPU
		{3C5D4A17-E0B6-464F-898E-17CBEE6220B9}.Release|x86.Build.0 = Release|Any CPU
		{29643ADD-70A2-42E9-B3EB-A7CB178ACDBC}.AppStore|Any CPU.ActiveCfg = Release|Any CPU
		{29643ADD-70A2-42E9-B3EB-A7CB178ACDBC}.AppStore|Any CPU.Build.0 = Release|Any CPU
		{29643ADD-70A2-42E9-B3EB-A7CB178ACDBC}.AppStore|Any CPU.Deploy.0 = Release|Any CPU
		{29643ADD-70A2-42E9-B3EB-A7CB178ACDBC}.AppStore|ARM.ActiveCfg = Release|Any CPU
		{29643ADD-70A2-42E9-B3EB-A7CB178ACDBC}.AppStore|ARM.Build.0 = Release|Any CPU
		{29643ADD-70A2-42E9-B3EB-A7CB178ACDBC}.AppStore|ARM.Deploy.0 = Release|Any CPU
		{29643ADD-70A2-42E9-B3EB-A7CB178ACDBC}.AppStore|iPhone.ActiveCfg = Release|Any CPU
		{29643ADD-70A2-42E9-B3EB-A7CB178ACDBC}.AppStore|iPhone.Build.0 = Release|Any CPU
		{29643ADD-70A2-42E9-B3EB-A7CB178ACDBC}.AppStore|iPhone.Deploy.0 = Release|Any CPU
		{29643ADD-70A2-42E9-B3EB-A7CB178ACDBC}.AppStore|iPhoneSimulator.ActiveCfg = Release|Any CPU
		{29643ADD-70A2-42E9-B3EB-A7CB178ACDBC}.AppStore|iPhoneSimulator.Build.0 = Release|Any CPU
		{29643ADD-70A2-42E9-B3EB-A7CB178ACDBC}.AppStore|iPhoneSimulator.Deploy.0 = Release|Any CPU
		{29643ADD-70A2-42E9-B3EB-A7CB178ACDBC}.AppStore|x86.ActiveCfg = Release|Any CPU
		{29643ADD-70A2-42E9-B3EB-A7CB178ACDBC}.AppStore|x86.Build.0 = Release|Any CPU
		{29643ADD-70A2-42E9-B3EB-A7CB178ACDBC}.AppStore|x86.Deploy.0 = Release|Any CPU
		{29643ADD-70A2-42E9-B3EB-A7CB178ACDBC}.Debug|Any CPU.ActiveCfg = Debug|Any CPU
		{29643ADD-70A2-42E9-B3EB-A7CB178ACDBC}.Debug|Any CPU.Build.0 = Debug|Any CPU
		{29643ADD-70A2-42E9-B3EB-A7CB178ACDBC}.Debug|Any CPU.Deploy.0 = Debug|Any CPU
		{29643ADD-70A2-42E9-B3EB-A7CB178ACDBC}.Debug|ARM.ActiveCfg = Debug|Any CPU
		{29643ADD-70A2-42E9-B3EB-A7CB178ACDBC}.Debug|ARM.Build.0 = Debug|Any CPU
		{29643ADD-70A2-42E9-B3EB-A7CB178ACDBC}.Debug|ARM.Deploy.0 = Debug|Any CPU
		{29643ADD-70A2-42E9-B3EB-A7CB178ACDBC}.Debug|iPhone.ActiveCfg = Debug|Any CPU
		{29643ADD-70A2-42E9-B3EB-A7CB178ACDBC}.Debug|iPhone.Build.0 = Debug|Any CPU
		{29643ADD-70A2-42E9-B3EB-A7CB178ACDBC}.Debug|iPhone.Deploy.0 = Debug|Any CPU
		{29643ADD-70A2-42E9-B3EB-A7CB178ACDBC}.Debug|iPhoneSimulator.ActiveCfg = Debug|Any CPU
		{29643ADD-70A2-42E9-B3EB-A7CB178ACDBC}.Debug|iPhoneSimulator.Build.0 = Debug|Any CPU
		{29643ADD-70A2-42E9-B3EB-A7CB178ACDBC}.Debug|iPhoneSimulator.Deploy.0 = Debug|Any CPU
		{29643ADD-70A2-42E9-B3EB-A7CB178ACDBC}.Debug|x86.ActiveCfg = Debug|Any CPU
		{29643ADD-70A2-42E9-B3EB-A7CB178ACDBC}.Debug|x86.Build.0 = Debug|Any CPU
		{29643ADD-70A2-42E9-B3EB-A7CB178ACDBC}.Debug|x86.Deploy.0 = Debug|Any CPU
		{29643ADD-70A2-42E9-B3EB-A7CB178ACDBC}.Release|Any CPU.ActiveCfg = Release|Any CPU
		{29643ADD-70A2-42E9-B3EB-A7CB178ACDBC}.Release|Any CPU.Build.0 = Release|Any CPU
		{29643ADD-70A2-42E9-B3EB-A7CB178ACDBC}.Release|Any CPU.Deploy.0 = Release|Any CPU
		{29643ADD-70A2-42E9-B3EB-A7CB178ACDBC}.Release|ARM.ActiveCfg = Release|Any CPU
		{29643ADD-70A2-42E9-B3EB-A7CB178ACDBC}.Release|ARM.Build.0 = Release|Any CPU
		{29643ADD-70A2-42E9-B3EB-A7CB178ACDBC}.Release|ARM.Deploy.0 = Release|Any CPU
		{29643ADD-70A2-42E9-B3EB-A7CB178ACDBC}.Release|iPhone.ActiveCfg = Release|Any CPU
		{29643ADD-70A2-42E9-B3EB-A7CB178ACDBC}.Release|iPhone.Build.0 = Release|Any CPU
		{29643ADD-70A2-42E9-B3EB-A7CB178ACDBC}.Release|iPhone.Deploy.0 = Release|Any CPU
		{29643ADD-70A2-42E9-B3EB-A7CB178ACDBC}.Release|iPhoneSimulator.ActiveCfg = Release|Any CPU
		{29643ADD-70A2-42E9-B3EB-A7CB178ACDBC}.Release|iPhoneSimulator.Build.0 = Release|Any CPU
		{29643ADD-70A2-42E9-B3EB-A7CB178ACDBC}.Release|iPhoneSimulator.Deploy.0 = Release|Any CPU
		{29643ADD-70A2-42E9-B3EB-A7CB178ACDBC}.Release|x86.ActiveCfg = Release|Any CPU
		{29643ADD-70A2-42E9-B3EB-A7CB178ACDBC}.Release|x86.Build.0 = Release|Any CPU
		{29643ADD-70A2-42E9-B3EB-A7CB178ACDBC}.Release|x86.Deploy.0 = Release|Any CPU
		{F592F4EF-10B8-4FBB-A9EB-43AA64EE2D03}.AppStore|Any CPU.ActiveCfg = AppStore|iPhone
		{F592F4EF-10B8-4FBB-A9EB-43AA64EE2D03}.AppStore|ARM.ActiveCfg = AppStore|iPhone
		{F592F4EF-10B8-4FBB-A9EB-43AA64EE2D03}.AppStore|iPhone.ActiveCfg = AppStore|iPhone
		{F592F4EF-10B8-4FBB-A9EB-43AA64EE2D03}.AppStore|iPhone.Build.0 = AppStore|iPhone
		{F592F4EF-10B8-4FBB-A9EB-43AA64EE2D03}.AppStore|iPhoneSimulator.ActiveCfg = AppStore|iPhoneSimulator
		{F592F4EF-10B8-4FBB-A9EB-43AA64EE2D03}.AppStore|iPhoneSimulator.Build.0 = AppStore|iPhoneSimulator
		{F592F4EF-10B8-4FBB-A9EB-43AA64EE2D03}.AppStore|x86.ActiveCfg = AppStore|iPhone
		{F592F4EF-10B8-4FBB-A9EB-43AA64EE2D03}.Debug|Any CPU.ActiveCfg = Debug|iPhone
		{F592F4EF-10B8-4FBB-A9EB-43AA64EE2D03}.Debug|ARM.ActiveCfg = Debug|iPhone
		{F592F4EF-10B8-4FBB-A9EB-43AA64EE2D03}.Debug|iPhone.ActiveCfg = Debug|iPhone
		{F592F4EF-10B8-4FBB-A9EB-43AA64EE2D03}.Debug|iPhone.Build.0 = Debug|iPhone
		{F592F4EF-10B8-4FBB-A9EB-43AA64EE2D03}.Debug|iPhoneSimulator.ActiveCfg = Debug|iPhoneSimulator
		{F592F4EF-10B8-4FBB-A9EB-43AA64EE2D03}.Debug|iPhoneSimulator.Build.0 = Debug|iPhoneSimulator
		{F592F4EF-10B8-4FBB-A9EB-43AA64EE2D03}.Debug|x86.ActiveCfg = Debug|iPhone
		{F592F4EF-10B8-4FBB-A9EB-43AA64EE2D03}.Release|Any CPU.ActiveCfg = Release|iPhone
		{F592F4EF-10B8-4FBB-A9EB-43AA64EE2D03}.Release|ARM.ActiveCfg = Release|iPhone
		{F592F4EF-10B8-4FBB-A9EB-43AA64EE2D03}.Release|iPhone.ActiveCfg = Release|iPhone
		{F592F4EF-10B8-4FBB-A9EB-43AA64EE2D03}.Release|iPhone.Build.0 = Release|iPhone
		{F592F4EF-10B8-4FBB-A9EB-43AA64EE2D03}.Release|iPhoneSimulator.ActiveCfg = Release|iPhoneSimulator
		{F592F4EF-10B8-4FBB-A9EB-43AA64EE2D03}.Release|iPhoneSimulator.Build.0 = Release|iPhoneSimulator
		{F592F4EF-10B8-4FBB-A9EB-43AA64EE2D03}.Release|x86.ActiveCfg = Release|iPhone
		{C8FC3049-A3D5-4DAB-9F0E-CACF0E94FED8}.AppStore|Any CPU.ActiveCfg = Release|Any CPU
		{C8FC3049-A3D5-4DAB-9F0E-CACF0E94FED8}.AppStore|Any CPU.Build.0 = Release|Any CPU
		{C8FC3049-A3D5-4DAB-9F0E-CACF0E94FED8}.AppStore|Any CPU.Deploy.0 = Release|Any CPU
		{C8FC3049-A3D5-4DAB-9F0E-CACF0E94FED8}.AppStore|ARM.ActiveCfg = Release|ARM
		{C8FC3049-A3D5-4DAB-9F0E-CACF0E94FED8}.AppStore|ARM.Build.0 = Release|ARM
		{C8FC3049-A3D5-4DAB-9F0E-CACF0E94FED8}.AppStore|ARM.Deploy.0 = Release|ARM
		{C8FC3049-A3D5-4DAB-9F0E-CACF0E94FED8}.AppStore|iPhone.ActiveCfg = Release|Any CPU
		{C8FC3049-A3D5-4DAB-9F0E-CACF0E94FED8}.AppStore|iPhone.Build.0 = Release|Any CPU
		{C8FC3049-A3D5-4DAB-9F0E-CACF0E94FED8}.AppStore|iPhone.Deploy.0 = Release|Any CPU
		{C8FC3049-A3D5-4DAB-9F0E-CACF0E94FED8}.AppStore|iPhoneSimulator.ActiveCfg = Release|Any CPU
		{C8FC3049-A3D5-4DAB-9F0E-CACF0E94FED8}.AppStore|iPhoneSimulator.Build.0 = Release|Any CPU
		{C8FC3049-A3D5-4DAB-9F0E-CACF0E94FED8}.AppStore|iPhoneSimulator.Deploy.0 = Release|Any CPU
		{C8FC3049-A3D5-4DAB-9F0E-CACF0E94FED8}.AppStore|x86.ActiveCfg = Release|x86
		{C8FC3049-A3D5-4DAB-9F0E-CACF0E94FED8}.AppStore|x86.Build.0 = Release|x86
		{C8FC3049-A3D5-4DAB-9F0E-CACF0E94FED8}.AppStore|x86.Deploy.0 = Release|x86
		{C8FC3049-A3D5-4DAB-9F0E-CACF0E94FED8}.Debug|Any CPU.ActiveCfg = Debug|Any CPU
		{C8FC3049-A3D5-4DAB-9F0E-CACF0E94FED8}.Debug|Any CPU.Build.0 = Debug|Any CPU
		{C8FC3049-A3D5-4DAB-9F0E-CACF0E94FED8}.Debug|Any CPU.Deploy.0 = Debug|Any CPU
		{C8FC3049-A3D5-4DAB-9F0E-CACF0E94FED8}.Debug|ARM.ActiveCfg = Debug|ARM
		{C8FC3049-A3D5-4DAB-9F0E-CACF0E94FED8}.Debug|ARM.Build.0 = Debug|ARM
		{C8FC3049-A3D5-4DAB-9F0E-CACF0E94FED8}.Debug|ARM.Deploy.0 = Debug|ARM
		{C8FC3049-A3D5-4DAB-9F0E-CACF0E94FED8}.Debug|iPhone.ActiveCfg = Debug|Any CPU
		{C8FC3049-A3D5-4DAB-9F0E-CACF0E94FED8}.Debug|iPhone.Build.0 = Debug|Any CPU
		{C8FC3049-A3D5-4DAB-9F0E-CACF0E94FED8}.Debug|iPhone.Deploy.0 = Debug|Any CPU
		{C8FC3049-A3D5-4DAB-9F0E-CACF0E94FED8}.Debug|iPhoneSimulator.ActiveCfg = Debug|Any CPU
		{C8FC3049-A3D5-4DAB-9F0E-CACF0E94FED8}.Debug|iPhoneSimulator.Build.0 = Debug|Any CPU
		{C8FC3049-A3D5-4DAB-9F0E-CACF0E94FED8}.Debug|iPhoneSimulator.Deploy.0 = Debug|Any CPU
		{C8FC3049-A3D5-4DAB-9F0E-CACF0E94FED8}.Debug|x86.ActiveCfg = Debug|x86
		{C8FC3049-A3D5-4DAB-9F0E-CACF0E94FED8}.Debug|x86.Build.0 = Debug|x86
		{C8FC3049-A3D5-4DAB-9F0E-CACF0E94FED8}.Debug|x86.Deploy.0 = Debug|x86
		{C8FC3049-A3D5-4DAB-9F0E-CACF0E94FED8}.Release|Any CPU.ActiveCfg = Release|Any CPU
		{C8FC3049-A3D5-4DAB-9F0E-CACF0E94FED8}.Release|Any CPU.Build.0 = Release|Any CPU
		{C8FC3049-A3D5-4DAB-9F0E-CACF0E94FED8}.Release|Any CPU.Deploy.0 = Release|Any CPU
		{C8FC3049-A3D5-4DAB-9F0E-CACF0E94FED8}.Release|ARM.ActiveCfg = Release|ARM
		{C8FC3049-A3D5-4DAB-9F0E-CACF0E94FED8}.Release|ARM.Build.0 = Release|ARM
		{C8FC3049-A3D5-4DAB-9F0E-CACF0E94FED8}.Release|ARM.Deploy.0 = Release|ARM
		{C8FC3049-A3D5-4DAB-9F0E-CACF0E94FED8}.Release|iPhone.ActiveCfg = Release|Any CPU
		{C8FC3049-A3D5-4DAB-9F0E-CACF0E94FED8}.Release|iPhone.Build.0 = Release|Any CPU
		{C8FC3049-A3D5-4DAB-9F0E-CACF0E94FED8}.Release|iPhone.Deploy.0 = Release|Any CPU
		{C8FC3049-A3D5-4DAB-9F0E-CACF0E94FED8}.Release|iPhoneSimulator.ActiveCfg = Release|Any CPU
		{C8FC3049-A3D5-4DAB-9F0E-CACF0E94FED8}.Release|iPhoneSimulator.Build.0 = Release|Any CPU
		{C8FC3049-A3D5-4DAB-9F0E-CACF0E94FED8}.Release|iPhoneSimulator.Deploy.0 = Release|Any CPU
		{C8FC3049-A3D5-4DAB-9F0E-CACF0E94FED8}.Release|x86.ActiveCfg = Release|x86
		{C8FC3049-A3D5-4DAB-9F0E-CACF0E94FED8}.Release|x86.Build.0 = Release|x86
		{C8FC3049-A3D5-4DAB-9F0E-CACF0E94FED8}.Release|x86.Deploy.0 = Release|x86
	EndGlobalSection
	GlobalSection(SolutionProperties) = preSolution
		HideSolutionNode = FALSE
	EndGlobalSection
	GlobalSection(TeamFoundationVersionControl) = preSolution
		SccNumberOfProjects = 8
		SccEnterpriseProvider = {4CA58AB2-18FA-4F8D-95D4-32DDF27D184C}
		SccTeamFoundationServer = https://skillas.visualstudio.com/defaultcollection
		SccLocalPath0 = .
		SccProjectUniqueName1 = webapi.request\\webapi.request.csproj
		SccProjectName1 = webapi.request
		SccLocalPath1 = webapi.request
		SccProjectUniqueName2 = common.model\\common.model.csproj
		SccProjectName2 = common.model
		SccLocalPath2 = common.model
		SccProjectUniqueName3 = xamarin.customer\\xamarin.customer.Droid\\xamarin.customer.Droid.csproj
		SccProjectName3 = xamarin.customer/xamarin.customer.Droid
		SccLocalPath3 = xamarin.customer\\xamarin.customer.Droid
		SccProjectUniqueName4 = xamarin.customer\\xamarin.customer.iOS\\xamarin.customer.iOS.csproj
		SccProjectName4 = xamarin.customer/xamarin.customer.iOS
		SccLocalPath4 = xamarin.customer\\xamarin.customer.iOS
		SccProjectUniqueName5 = xamarin.customer\\xamarin.customer.WinPhone\\xamarin.customer.WinPhone.csproj
		SccProjectName5 = xamarin.customer/xamarin.customer.WinPhone
		SccLocalPath5 = xamarin.customer\\xamarin.customer.WinPhone
		SccProjectUniqueName6 = xamarin.customer\\xamarin.customer\\xamarin.customer.shproj
		SccProjectName6 = xamarin.customer/xamarin.customer
		SccLocalPath6 = xamarin.customer\\xamarin.customer
		SccProjectUniqueName7 = xamarin.customer\\xamarin.customer\\xamarin.customer.projitems
		SccProjectTopLevelParentUniqueName7 = xamarin.customer\\xamarin.customer\\xamarin.customer.shproj
		SccProjectName7 = xamarin.customer/xamarin.customer
		SccLocalPath7 = xamarin.customer\\xamarin.customer
	EndGlobalSection
EndGlobal
